# THIS IS AN AUTOGENERATED FILE. DO NOT EDIT THIS FILE DIRECTLY.
# yarn lockfile v1


"@types/node@^9.3.0":
  version "9.3.0"
  resolved "https://registry.yarnpkg.com/@types/node/-/node-9.3.0.tgz#3a129cda7c4e5df2409702626892cb4b96546dd5"

commander@^2.13.0:
  version "2.13.0"
  resolved "https://registry.yarnpkg.com/commander/-/commander-2.13.0.tgz#6964bca67685df7c1f1430c584f07d7597885b9c"

typescript@^2.6.2:
  version "2.6.2"
  resolved "http://registry.npm.taobao.org/typescript/download/typescript-2.6.2.tgz#3c5b6fd7f6de0914269027f03c0946758f7673a4"
